
Microsoft Visual Studio Solution File, Format Version 12.00
# Visual Studio Version 16
VisualStudioVersion = 16.0.31727.386
MinimumVisualStudioVersion = 10.0.40219.1
Project("{9A19103F-16F7-4668-BE54-9A1E7A4F7556}") = "BlazorCRUDV", "BlazorCRUDV\BlazorCRUDV.csproj", "{DEBF85C8-3DB5-45EB-AD74-9935638CF4EE}"
EndProject
Global
	GlobalSection(SolutionConfigurationPlatforms) = preSolution
		Debug|Any CPU = Debug|Any CPU
		Release|Any CPU = Release|Any CPU
	EndGlobalSection
	GlobalSection(ProjectConfigurationPlatforms) = postSolution
		{DEBF85C8-3DB5-45EB-AD74-9935638CF4EE}.Debug|Any CPU.ActiveCfg = Debug|Any CPU
		{DEBF85C8-3DB5-45EB-AD74-9935638CF4EE}.Debug|Any CPU.Build.0 = Debug|Any CPU
		{DEBF85C8-3DB5-45EB-AD74-9935638CF4EE}.Release|Any CPU.ActiveCfg = Release|Any CPU
		{DEBF85C8-3DB5-45EB-AD74-9935638CF4EE}.Release|Any CPU.Build.0 = Release|Any CPU
	EndGlobalSection
	GlobalSection(SolutionProperties) = preSolution
		HideSolutionNode = FALSE
	EndGlobalSection
	GlobalSection(ExtensibilityGlobals) = postSolution
		SolutionGuid = {1364D788-9F21-4DF6-8158-440AAE57774D}
	EndGlobalSection
EndGlobal
